Microsoft Visual Studio Solution File, Format Version 12.00
# Visual Studio Version 17
VisualStudioVersion = 17.14.35821.62
MinimumVisualStudioVersion = 10.0.40219.1
Project("{FAE04EC0-301F-11D3-BF4B-00C04F79EFBC}") = "MinimalApi", "MinimalApi\MinimalApi.csproj", "{87EE206B-FC69-4225-B0D5-31A6A78DF714}"
EndProject
Global
	GlobalSection(SolutionConfigurationPlatforms) = preSolution
		Debug|Any CPU = Debug|Any CPU
		Release|Any CPU = Release|Any CPU
	EndGlobalSection
	GlobalSection(ProjectConfigurationPlatforms) = postSolution
		{87EE206B-FC69-4225-B0D5-31A6A78DF714}.Debug|Any CPU.ActiveCfg = Debug|Any CPU
		{87EE206B-FC69-4225-B0D5-31A6A78DF714}.Debug|Any CPU.Build.0 = Debug|Any CPU
		{87EE206B-FC69-4225-B0D5-31A6A78DF714}.Release|Any CPU.ActiveCfg = Release|Any CPU
		{87EE206B-FC69-4225-B0D5-31A6A78DF714}.Release|Any CPU.Build.0 = Release|Any CPU
	EndGlobalSection
	GlobalSection(SolutionProperties) = preSolution
		HideSolutionNode = FALSE
	EndGlobalSection
	GlobalSection(ExtensibilityGlobals) = postSolution
		SolutionGuid = {A45A2695-C24A-4C64-B117-9901D0E354E5}
	EndGlobalSection
EndGlobal
